
Microsoft Visual Studio Solution File, Format Version 12.00
# Visual Studio Version 17
VisualStudioVersion = 17.14.36429.23 d17.14
MinimumVisualStudioVersion = 10.0.40219.1
Project("{FAE04EC0-301F-11D3-BF4B-00C04F79EFBC}") = "UCLoan", "UCLoan\UCLoan.csproj", "{96F665F5-D3CC-4473-9BAB-7394A6D1E805}"
EndProject
Global
	GlobalSection(SolutionConfigurationPlatforms) = preSolution
		Debug|Any CPU = Debug|Any CPU
		Release|Any CPU = Release|Any CPU
	EndGlobalSection
	GlobalSection(ProjectConfigurationPlatforms) = postSolution
		{96F665F5-D3CC-4473-9BAB-7394A6D1E805}.Debug|Any CPU.ActiveCfg = Debug|Any CPU
		{96F665F5-D3CC-4473-9BAB-7394A6D1E805}.Debug|Any CPU.Build.0 = Debug|Any CPU
		{96F665F5-D3CC-4473-9BAB-7394A6D1E805}.Release|Any CPU.ActiveCfg = Release|Any CPU
		{96F665F5-D3CC-4473-9BAB-7394A6D1E805}.Release|Any CPU.Build.0 = Release|Any CPU
	EndGlobalSection
	GlobalSection(SolutionProperties) = preSolution
		HideSolutionNode = FALSE
	EndGlobalSection
	GlobalSection(ExtensibilityGlobals) = postSolution
		SolutionGuid = {89D64C66-0339-4177-AB2E-1D6E372A8D78}
	EndGlobalSection
EndGlobal
